// !$*UTF8*$!
{
	archiveVersion = 1;
	classes = {
	};
	objectVersion = 50;
	objects = {

/* Begin PBXBuildFile section */
		3E1DECAC84CA2915CD2705BF /* Pods_FRPSampleApp.framework in Frameworks */ = {isa = PBXBuildFile; fileRef = 50D875E84D8D021433393640 /* Pods_FRPSampleApp.framework */; };
		D1C98202264B3FD600336044 /* AppDelegate.swift in Sources */ = {isa = PBXBuildFile; fileRef = D1C98201264B3FD600336044 /* AppDelegate.swift */; };
		D1C98204264B3FD600336044 /* SceneDelegate.swift in Sources */ = {isa = PBXBuildFile; fileRef = D1C98203264B3FD600336044 /* SceneDelegate.swift */; };
		D1C98206264B3FD600336044 /* ViewController.swift in Sources */ = {isa = PBXBuildFile; fileRef = D1C98205264B3FD600336044 /* ViewController.swift */; };
		D1C98209264B3FD600336044 /* Main.storyboard in Resources */ = {isa = PBXBuildFile; fileRef = D1C98207264B3FD600336044 /* Main.storyboard */; };
		D1C9820B264B3FD800336044 /* Assets.xcassets in Resources */ = {isa = PBXBuildFile; fileRef = D1C9820A264B3FD800336044 /* Assets.xcassets */; };
		D1C9820E264B3FD800336044 /* LaunchScreen.storyboard in Resources */ = {isa = PBXBuildFile; fileRef = D1C9820C264B3FD800336044 /* LaunchScreen.storyboard */; };
/* End PBXBuildFile section */

/* Begin PBXFileReference section */
		50D875E84D8D021433393640 /* Pods_FRPSampleApp.framework */ = {isa = PBXFileReference; explicitFileType = wrapper.framework; includeInIndex = 0; path = Pods_FRPSampleApp.framework; sourceTree = BUILT_PRODUCTS_DIR; };
		AE02C0A45F74D293D74EE33A /* Pods-FRPSampleApp.release.xcconfig */ = {isa = PBXFileReference; includeInIndex = 1; lastKnownFileType = text.xcconfig; name = "Pods-FRPSampleApp.release.xcconfig"; path = "Target Support Files/Pods-FRPSampleApp/Pods-FRPSampleApp.release.xcconfig"; sourceTree = "<group>"; };
		D1C981FE264B3FD600336044 /* FRPSampleApp.app */ = {isa = PBXFileReference; explicitFileType = wrapper.application; includeInIndex = 0; path = FRPSampleApp.app; sourceTree = BUILT_PRODUCTS_DIR; };
		D1C98201264B3FD600336044 /* AppDelegate.swift */ = {isa = PBXFileReference; lastKnownFileType = sourcecode.swift; path = AppDelegate.swift; sourceTree = "<group>"; };
		D1C98203264B3FD600336044 /* SceneDelegate.swift */ = {isa = PBXFileReference; lastKnownFileType = sourcecode.swift; path = SceneDelegate.swift; sourceTree = "<group>"; };
		D1C98205264B3FD600336044 /* ViewController.swift */ = {isa = PBXFileReference; lastKnownFileType = sourcecode.swift; path = ViewController.swift; sourceTree = "<group>"; };
		D1C98208264B3FD600336044 /* Base */ = {isa = PBXFileReference; lastKnownFileType = file.storyboard; name = Base; path = Base.lproj/Main.storyboard; sourceTree = "<group>"; };
		D1C9820A264B3FD800336044 /* Assets.xcassets */ = {isa = PBXFileReference; lastKnownFileType = folder.assetcatalog; path = Assets.xcassets; sourceTree = "<group>"; };
		D1C9820D264B3FD800336044 /* Base */ = {isa = PBXFileReference; lastKnownFileType = file.storyboard; name = Base; path = Base.lproj/LaunchScreen.storyboard; sourceTree = "<group>"; };
		D1C9820F264B3FD800336044 /* Info.plist */ = {isa = PBXFileReference; lastKnownFileType = text.plist.xml; path = Info.plist; sourceTree = "<group>"; };
		F788A76CF4276B05A0D22F7B /* Pods-FRPSampleApp.debug.xcconfig */ = {isa = PBXFileReference; includeInIndex = 1; lastKnownFileType = text.xcconfig; name = "Pods-FRPSampleApp.debug.xcconfig"; path = "Target Support Files/Pods-FRPSampleApp/Pods-FRPSampleApp.debug.xcconfig"; sourceTree = "<group>"; };
/* End PBXFileReference section */

/* Begin PBXFrameworksBuildPhase section */
		D1C981FB264B3FD600336044 /* Frameworks */ = {
			isa = PBXFrameworksBuildPhase;
			buildActionMask = 2147483647;
			files = (
				3E1DECAC84CA2915CD2705BF /* Pods_FRPSampleApp.framework in Frameworks */,
			);
			runOnlyForDeploymentPostprocessing = 0;
		};
/* End PBXFrameworksBuildPhase section */

/* Begin PBXGroup section */
		3092298FDE311FB7133E6110 /* Frameworks */ = {
			isa = PBXGroup;
			children = (
				50D875E84D8D021433393640 /* Pods_FRPSampleApp.framework */,
			);
			name = Frameworks;
			sourceTree = "<group>";
		};
		CB5C2A1C823D5F870DAC4A4F /* Pods */ = {
			isa = PBXGroup;
			children = (
				F788A76CF4276B05A0D22F7B /* Pods-FRPSampleApp.debug.xcconfig */,
				AE02C0A45F74D293D74EE33A /* Pods-FRPSampleApp.release.xcconfig */,
			);
			name = Pods;
			path = Pods;
			sourceTree = "<group>";
		};
		D1C981F5264B3FD600336044 = {
			isa = PBXGroup;
			children = (
				D1C98200264B3FD600336044 /* FRPSampleApp */,
				D1C981FF264B3FD600336044 /* Products */,
				CB5C2A1C823D5F870DAC4A4F /* Pods */,
				3092298FDE311FB7133E6110 /* Frameworks */,
			);
			sourceTree = "<group>";
		};
		D1C981FF264B3FD600336044 /* Products */ = {
			isa = PBXGroup;
			children = (
				D1C981FE264B3FD600336044 /* FRPSampleApp.app */,
			);
			name = Products;
			sourceTree = "<group>";
		};
		D1C98200264B3FD600336044 /* FRPSampleApp */ = {
			isa = PBXGroup;
			children = (
				D1C98201264B3FD600336044 /* AppDelegate.swift */,
				D1C98203264B3FD600336044 /* SceneDelegate.swift */,
				D1C98205264B3FD600336044 /* ViewController.swift */,
				D1C98207264B3FD600336044 /* Main.storyboard */,
				D1C9820A264B3FD800336044 /* Assets.xcassets */,
				D1C9820C264B3FD800336044 /* LaunchScreen.storyboard */,
				D1C9820F264B3FD800336044 /* Info.plist */,
			);
			path = FRPSampleApp;
			sourceTree = "<group>";
		};
/* End PBXGroup section */

/* Begin PBXNativeTarget section */
		D1C981FD264B3FD600336044 /* FRPSampleApp */ = {
			isa = PBXNativeTarget;
			buildConfigurationList = D1C98212264B3FD800336044 /* Build configuration list for PBXNativeTarget "FRPSampleApp" */;
			buildPhases = (
				74512B3E9BB0210A4C6A95C0 /* [CP] Check Pods Manifest.lock */,
				D1C981FA264B3FD600336044 /* Sources */,
				D1C981FB264B3FD600336044 /* Frameworks */,
				D1C981FC264B3FD600336044 /* Resources */,
				8EC53199918E18E049C3D4F0 /* [CP] Embed Pods Frameworks */,
			);
			buildRules = (
			);
			dependencies = (
			);
			name = FRPSampleApp;
			productName = FRPSampleApp;
			productReference = D1C981FE264B3FD600336044 /* FRPSampleApp.app */;
			productType = "com.apple.product-type.application";
		};
/* End PBXNativeTarget section */

/* Begin PBXProject section */
		D1C981F6264B3FD600336044 /* Project object */ = {
			isa = PBXProject;
			attributes = {
				LastSwiftUpdateCheck = 1240;
				LastUpgradeCheck = 1240;
				TargetAttributes = {
					D1C981FD264B3FD600336044 = {
						CreatedOnToolsVersion = 12.4;
					};
				};
			};
			buildConfigurationList = D1C981F9264B3FD600336044 /* Build configuration list for PBXProject "FRPSampleApp" */;
			compatibilityVersion = "Xcode 9.3";
			developmentRegion = en;
			hasScannedForEncodings = 0;
			knownRegions = (
				en,
				Base,
			);
			mainGroup = D1C981F5264B3FD600336044;
			productRefGroup = D1C981FF264B3FD600336044 /* Products */;
			projectDirPath = "";
			projectRoot = "";
			targets = (
				D1C981FD264B3FD600336044 /* FRPSampleApp */,
			);
		};
/* End PBXProject section */

/* Begin PBXResourcesBuildPhase section */
		D1C981FC264B3FD600336044 /* Resources */ = {
			isa = PBXResourcesBuildPhase;
			buildActionMask = 2147483647;
			files = (
				D1C9820E264B3FD800336044 /* LaunchScreen.storyboard in Resources */,
				D1C9820B264B3FD800336044 /* Assets.xcassets in Resources */,
				D1C98209264B3FD600336044 /* Main.storyboard in Resources */,
			);
			runOnlyForDeploymentPostprocessing = 0;
		};
/* End PBXResourcesBuildPhase section */

/* Begin PBXShellScriptBuildPhase section */
		74512B3E9BB0210A4C6A95C0 /* [CP] Check Pods Manifest.lock */ = {
			isa = PBXShellScriptBuildPhase;
			buildActionMask = 2147483647;
			files = (
			);
			inputFileListPaths = (
			);
			inputPaths = (
				"${PODS_PODFILE_DIR_PATH}/Podfile.lock",
				"${PODS_ROOT}/Manifest.lock",
			);
			name = "[CP] Check Pods Manifest.lock";
			outputFileListPaths = (
			);
			outputPaths = (
				"$(DERIVED_FILE_DIR)/Pods-FRPSampleApp-checkManifestLockResult.txt",
			);
			runOnlyForDeploymentPostprocessing = 0;
			shellPath = /bin/sh;
			shellScript = "diff \"${PODS_PODFILE_DIR_PATH}/Podfile.lock\" \"${PODS_ROOT}/Manifest.lock\" > /dev/null\nif [ $? != 0 ] ; then\n    # print error to STDERR\n    echo \"error: The sandbox is not in sync with the Podfile.lock. Run 'pod install' or update your CocoaPods installation.\" >&2\n    exit 1\nfi\n# This output is used by Xcode 'outputs' to avoid re-running this script phase.\necho \"SUCCESS\" > \"${SCRIPT_OUTPUT_FILE_0}\"\n";
			showEnvVarsInLog = 0;
		};
		8EC53199918E18E049C3D4F0 /* [CP] Embed Pods Frameworks */ = {
			isa = PBXShellScriptBuildPhase;
			buildActionMask = 2147483647;
			files = (
			);
			inputFileListPaths = (
				"${PODS_ROOT}/Target Support Files/Pods-FRPSampleApp/Pods-FRPSampleApp-frameworks-${CONFIGURATION}-input-files.xcfilelist",
			);
			name = "[CP] Embed Pods Frameworks";
			outputFileListPaths = (
				"${PODS_ROOT}/Target Support Files/Pods-FRPSampleApp/Pods-FRPSampleApp-frameworks-${CONFIGURATION}-output-files.xcfilelist",
			);
			runOnlyForDeploymentPostprocessing = 0;
			shellPath = /bin/sh;
			shellScript = "\"${PODS_ROOT}/Target Support Files/Pods-FRPSampleApp/Pods-FRPSampleApp-frameworks.sh\"\n";
			showEnvVarsInLog = 0;
		};
/* End PBXShellScriptBuildPhase section */

/* Begin PBXSourcesBuildPhase section */
		D1C981FA264B3FD600336044 /* Sources */ = {
			isa = PBXSourcesBuildPhase;
			buildActionMask = 2147483647;
			files = (
				D1C98206264B3FD600336044 /* ViewController.swift in Sources */,
				D1C98202264B3FD600336044 /* AppDelegate.swift in Sources */,
				D1C98204264B3FD600336044 /* SceneDelegate.swift in Sources */,
			);
			runOnlyForDeploymentPostprocessing = 0;
		};
/* End PBXSourcesBuildPhase section */

/* Begin PBXVariantGroup section */
		D1C98207264B3FD600336044 /* Main.storyboard */ = {
			isa = PBXVariantGroup;
			children = (
				D1C98208264B3FD600336044 /* Base */,
			);
			name = Main.storyboard;
			sourceTree = "<group>";
		};
		D1C9820C264B3FD800336044 /* LaunchScreen.storyboard */ = {
			isa = PBXVariantGroup;
			children = (
				D1C9820D264B3FD800336044 /* Base */,
			);
			name = LaunchScreen.storyboard;
			sourceTree = "<group>";
		};
/* End PBXVariantGroup section */

/* Begin XCBuildConfiguration section */
		D1C98210264B3FD800336044 /* Debug */ = {
			isa = XCBuildConfiguration;
			buildSettings = {
				ALWAYS_SEARCH_USER_PATHS = NO;
				CLANG_ANALYZER_NONNULL = YES;
				CLANG_ANALYZER_NUMBER_OBJECT_CONVERSION = YES_AGGRESSIVE;
				CLANG_CXX_LANGUAGE_STANDARD = "gnu++14";
				CLANG_CXX_LIBRARY = "libc++";
				CLANG_ENABLE_MODULES = YES;
				CLANG_ENABLE_OBJC_ARC = YES;
				CLANG_ENABLE_OBJC_WEAK = YES;
				CLANG_WARN_BLOCK_CAPTURE_AUTORELEASING = YES;
				CLANG_WARN_BOOL_CONVERSION = YES;
				CLANG_WARN_COMMA = YES;
				CLANG_WARN_CONSTANT_CONVERSION = YES;
				CLANG_WARN_DEPRECATED_OBJC_IMPLEMENTATIONS = YES;
				CLANG_WARN_DIRECT_OBJC_ISA_USAGE = YES_ERROR;
				CLANG_WARN_DOCUMENTATION_COMMENTS = YES;
				CLANG_WARN_EMPTY_BODY = YES;
				CLANG_WARN_ENUM_CONVERSION = YES;
				CLANG_WARN_INFINITE_RECURSION = YES;
				CLANG_WARN_INT_CONVERSION = YES;
				CLANG_WARN_NON_LITERAL_NULL_CONVERSION = YES;
				CLANG_WARN_OBJC_IMPLICIT_RETAIN_SELF = YES;
				CLANG_WARN_OBJC_LITERAL_CONVERSION = YES;
				CLANG_WARN_OBJC_ROOT_CLASS = YES_ERROR;
				CLANG_WARN_QUOTED_INCLUDE_IN_FRAMEWORK_HEADER = YES;
				CLANG_WARN_RANGE_LOOP_ANALYSIS = YES;
				CLANG_WARN_STRICT_PROTOTYPES = YES;
				CLANG_WARN_SUSPICIOUS_MOVE = YES;
				CLANG_WARN_UNGUARDED_AVAILABILITY = YES_AGGRESSIVE;
				CLANG_WARN_UNREACHABLE_CODE = YES;
				CLANG_WARN__DUPLICATE_METHOD_MATCH = YES;
				COPY_PHASE_STRIP = NO;
				DEBUG_INFORMATION_FORMAT = dwarf;
				ENABLE_STRICT_OBJC_MSGSEND = YES;
				ENABLE_TESTABILITY = YES;
				GCC_C_LANGUAGE_STANDARD = gnu11;
				GCC_DYNAMIC_NO_PIC = NO;
				GCC_NO_COMMON_BLOCKS = YES;
				GCC_OPTIMIZATION_LEVEL = 0;
				GCC_PREPROCESSOR_DEFINITIONS = (
					"DEBUG=1",
					"$(inherited)",
				);
				GCC_WARN_64_TO_32_BIT_CONVERSION = YES;
				GCC_WARN_ABOUT_RETURN_TYPE = YES_ERROR;
				GCC_WARN_UNDECLARED_SELECTOR = YES;
				GCC_WARN_UNINITIALIZED_AUTOS = YES_AGGRESSIVE;
				GCC_WARN_UNUSED_FUNCTION = YES;
				GCC_WARN_UNUSED_VARIABLE = YES;
				IPHONEOS_DEPLOYMENT_TARGET = 14.4;
				MTL_ENABLE_DEBUG_INFO = INCLUDE_SOURCE;
				MTL_FAST_MATH = YES;
				ONLY_ACTIVE_ARCH = YES;
				SDKROOT = iphoneos;
				SWIFT_ACTIVE_COMPILATION_CONDITIONS = DEBUG;
				SWIFT_OPTIMIZATION_LEVEL = "-Onone";
			};
			name = Debug;
		};
		D1C98211264B3FD800336044 /* Release */ = {
			isa = XCBuildConfiguration;
			buildSettings = {
				ALWAYS_SEARCH_USER_PATHS = NO;
				CLANG_ANALYZER_NONNULL = YES;
				CLANG_ANALYZER_NUMBER_OBJECT_CONVERSION = YES_AGGRESSIVE;
				CLANG_CXX_LANGUAGE_STANDARD = "gnu++14";
				CLANG_CXX_LIBRARY = "libc++";
				CLANG_ENABLE_MODULES = YES;
				CLANG_ENABLE_OBJC_ARC = YES;
				CLANG_ENABLE_OBJC_WEAK = YES;
				CLANG_WARN_BLOCK_CAPTURE_AUTORELEASING = YES;
				CLANG_WARN_BOOL_CONVERSION = YES;
				CLANG_WARN_COMMA = YES;
				CLANG_WARN_CONSTANT_CONVERSION = YES;
				CLANG_WARN_DEPRECATED_OBJC_IMPLEMENTATIONS = YES;
				CLANG_WARN_DIRECT_OBJC_ISA_USAGE = YES_ERROR;
				CLANG_WARN_DOCUMENTATION_COMMENTS = YES;
				CLANG_WARN_EMPTY_BODY = YES;
				CLANG_WARN_ENUM_CONVERSION = YES;
				CLANG_WARN_INFINITE_RECURSION = YES;
				CLANG_WARN_INT_CONVERSION = YES;
				CLANG_WARN_NON_LITERAL_NULL_CONVERSION = YES;
				CLANG_WARN_OBJC_IMPLICIT_RETAIN_SELF = YES;
				CLANG_WARN_OBJC_LITERAL_CONVERSION = YES;
				CLANG_WARN_OBJC_ROOT_CLASS = YES_ERROR;
				CLANG_WARN_QUOTED_INCLUDE_IN_FRAMEWORK_HEADER = YES;
				CLANG_WARN_RANGE_LOOP_ANALYSIS = YES;
				CLANG_WARN_STRICT_PROTOTYPES = YES;
				CLANG_WARN_SUSPICIOUS_MOVE = YES;
				CLANG_WARN_UNGUARDED_AVAILABILITY = YES_AGGRESSIVE;
				CLANG_WARN_UNREACHABLE_CODE = YES;
				CLANG_WARN__DUPLICATE_METHOD_MATCH = YES;
				COPY_PHASE_STRIP = NO;
				DEBUG_INFORMATION_FORMAT = "dwarf-with-dsym";
				ENABLE_NS_ASSERTIONS = NO;
				ENABLE_STRICT_OBJC_MSGSEND = YES;
				GCC_C_LANGUAGE_STANDARD = gnu11;
				GCC_NO_COMMON_BLOCKS = YES;
				GCC_WARN_64_TO_32_BIT_CONVERSION = YES;
				GCC_WARN_ABOUT_RETURN_TYPE = YES_ERROR;
				GCC_WARN_UNDECLARED_SELECTOR = YES;
				GCC_WARN_UNINITIALIZED_AUTOS = YES_AGGRESSIVE;
				GCC_WARN_UNUSED_FUNCTION = YES;
				GCC_WARN_UNUSED_VARIABLE = YES;
				IPHONEOS_DEPLOYMENT_TARGET = 14.4;
				MTL_ENABLE_DEBUG_INFO = NO;
				MTL_FAST_MATH = YES;
				SDKROOT = iphoneos;
				SWIFT_COMPILATION_MODE = wholemodule;
				SWIFT_OPTIMIZATION_LEVEL = "-O";
				VALIDATE_PRODUCT = YES;
			};
			name = Release;
		};
		D1C98213264B3FD800336044 /* Debug */ = {
			isa = XCBuildConfiguration;
			baseConfigurationReference = F788A76CF4276B05A0D22F7B /* Pods-FRPSampleApp.debug.xcconfig */;
			buildSettings = {
				ASSETCATALOG_COMPILER_APPICON_NAME = AppIcon;
				ASSETCATALOG_COMPILER_GLOBAL_ACCENT_COLOR_NAME = AccentColor;
				CODE_SIGN_STYLE = Automatic;
				DEVELOPMENT_TEAM = VZ8547N6MG;
				INFOPLIST_FILE = FRPSampleApp/Info.plist;
				LD_RUNPATH_SEARCH_PATHS = (
					"$(inherited)",
					"@executable_path/Frameworks",
				);
				PRODUCT_BUNDLE_IDENTIFIER = br.com.rodrigueslg.FRPSampleApp;
				PRODUCT_NAME = "$(TARGET_NAME)";
				SWIFT_VERSION = 5.0;
				TARGETED_DEVICE_FAMILY = "1,2";
			};
			name = Debug;
		};
		D1C98214264B3FD800336044 /* Release */ = {
			isa = XCBuildConfiguration;
			baseConfigurationReference = AE02C0A45F74D293D74EE33A /* Pods-FRPSampleApp.release.xcconfig */;
			buildSettings = {
				ASSETCATALOG_COMPILER_APPICON_NAME = AppIcon;
				ASSETCATALOG_COMPILER_GLOBAL_ACCENT_COLOR_NAME = AccentColor;
				CODE_SIGN_STYLE = Automatic;
				DEVELOPMENT_TEAM = VZ8547N6MG;
				INFOPLIST_FILE = FRPSampleApp/Info.plist;
				LD_RUNPATH_SEARCH_PATHS = (
					"$(inherited)",
					"@executable_path/Frameworks",
				);
				PRODUCT_BUNDLE_IDENTIFIER = br.com.rodrigueslg.FRPSampleApp;
				PRODUCT_NAME = "$(TARGET_NAME)";
				SWIFT_VERSION = 5.0;
				TARGETED_DEVICE_FAMILY = "1,2";
			};
			name = Release;
		};
/* End XCBuildConfiguration section */

/* Begin XCConfigurationList section */
		D1C981F9264B3FD600336044 /* Build configuration list for PBXProject "FRPSampleApp" */ = {
			isa = XCConfigurationList;
			buildConfigurations = (
				D1C98210264B3FD800336044 /* Debug */,
				D1C98211264B3FD800336044 /* Release */,
			);
			defaultConfigurationIsVisible = 0;
			defaultConfigurationName = Release;
		};
		D1C98212264B3FD800336044 /* Build configuration list for PBXNativeTarget "FRPSampleApp" */ = {
			isa = XCConfigurationList;
			buildConfigurations = (
				D1C98213264B3FD800336044 /* Debug */,
				D1C98214264B3FD800336044 /* Release */,
			);
			defaultConfigurationIsVisible = 0;
			defaultConfigurationName = Release;
		};
/* End XCConfigurationList section */
	};
	rootObject = D1C981F6264B3FD600336044 /* Project object */;
}
